Microsoft Visual Studio Solution File, Format Version 12.00
# Visual Studio Version 17
VisualStudioVersion = 17.9.34728.123
MinimumVisualStudioVersion = 10.0.40219.1
Project("{9A19103F-16F7-4668-BE54-9A1E7A4F7556}") = "MongoDbPlayground.Test", "MongoDbPayground.Test\MongoDbPlayground.Test.csproj", "{BDA0EBD7-6B91-47E1-98FC-A9B801B650DA}"
EndProject
Project("{9A19103F-16F7-4668-BE54-9A1E7A4F7556}") = "MongoDb.Playground.Repository", "MongoDb.Playground.Repository\MongoDb.Playground.Repository.csproj", "{C12C2D43-2A29-4323-97C3-419E32273502}"
EndProject
Project("{9A19103F-16F7-4668-BE54-9A1E7A4F7556}") = "Sample", "Sample\Sample.csproj", "{17F60B39-FDC2-4469-BA46-413F00BBFEEE}"
EndProject
Global
	GlobalSection(SolutionConfigurationPlatforms) = preSolution
		Debug|Any CPU = Debug|Any CPU
		Release|Any CPU = Release|Any CPU
	EndGlobalSection
	GlobalSection(ProjectConfigurationPlatforms) = postSolution
		{BDA0EBD7-6B91-47E1-98FC-A9B801B650DA}.Debug|Any CPU.ActiveCfg = Debug|Any CPU
		{BDA0EBD7-6B91-47E1-98FC-A9B801B650DA}.Debug|Any CPU.Build.0 = Debug|Any CPU
		{BDA0EBD7-6B91-47E1-98FC-A9B801B650DA}.Release|Any CPU.ActiveCfg = Release|Any CPU
		{BDA0EBD7-6B91-47E1-98FC-A9B801B650DA}.Release|Any CPU.Build.0 = Release|Any CPU
		{C12C2D43-2A29-4323-97C3-419E32273502}.Debug|Any CPU.ActiveCfg = Debug|Any CPU
		{C12C2D43-2A29-4323-97C3-419E32273502}.Debug|Any CPU.Build.0 = Debug|Any CPU
		{C12C2D43-2A29-4323-97C3-419E32273502}.Release|Any CPU.ActiveCfg = Release|Any CPU
		{C12C2D43-2A29-4323-97C3-419E32273502}.Release|Any CPU.Build.0 = Release|Any CPU
		{17F60B39-FDC2-4469-BA46-413F00BBFEEE}.Debug|Any CPU.ActiveCfg = Debug|Any CPU
		{17F60B39-FDC2-4469-BA46-413F00BBFEEE}.Debug|Any CPU.Build.0 = Debug|Any CPU
		{17F60B39-FDC2-4469-BA46-413F00BBFEEE}.Release|Any CPU.ActiveCfg = Release|Any CPU
		{17F60B39-FDC2-4469-BA46-413F00BBFEEE}.Release|Any CPU.Build.0 = Release|Any CPU
	EndGlobalSection
	GlobalSection(SolutionProperties) = preSolution
		HideSolutionNode = FALSE
	EndGlobalSection
EndGlobal
